
Microsoft Visual Studio Solution File, Format Version 12.00
# Visual Studio 15
VisualStudioVersion = 15.0.27004.2006
MinimumVisualStudioVersion = 10.0.40219.1
Project("{FAE04EC0-301F-11D3-BF4B-00C04F79EFBC}") = "DewInternetAbstract", "DewInternetAbstract\DewInternetAbstract.csproj", "{F9633A98-169A-48C7-999B-0DC509264594}"
EndProject
Global
	GlobalSection(SolutionConfigurationPlatforms) = preSolution
		Debug|Any CPU = Debug|Any CPU
		Release|Any CPU = Release|Any CPU
	EndGlobalSection
	GlobalSection(ProjectConfigurationPlatforms) = postSolution
		{F9633A98-169A-48C7-999B-0DC509264594}.Debug|Any CPU.ActiveCfg = Debug|Any CPU
		{F9633A98-169A-48C7-999B-0DC509264594}.Debug|Any CPU.Build.0 = Debug|Any CPU
		{F9633A98-169A-48C7-999B-0DC509264594}.Release|Any CPU.ActiveCfg = Release|Any CPU
		{F9633A98-169A-48C7-999B-0DC509264594}.Release|Any CPU.Build.0 = Release|Any CPU
	EndGlobalSection
	GlobalSection(SolutionProperties) = preSolution
		HideSolutionNode = FALSE
	EndGlobalSection
	GlobalSection(ExtensibilityGlobals) = postSolution
		SolutionGuid = {25DAB0E3-1767-4D82-B3B0-9AF833F9D2E1}
	EndGlobalSection
EndGlobal
